# This file is autogenerated, do not edit; changes may be undone by the next 'dep ensure'.


[[projects]]
  name = "github.com/cloudflare/cloudflare-go"
  packages = ["."]
  revision = "6cfcb7ec3886f434daf8515d14d4ab208cae845c"
  version = "v0.7.2"

[[projects]]
  name = "github.com/pkg/errors"
  packages = ["."]
  revision = "248dadf4e9068a0b3e79f02ed0a610d935de5302"

[solve-meta]
  analyzer-name = "dep"
  analyzer-version = 1
  inputs-digest = "753a77ffecce8d4e88b5637ec7d811a4d22c5f6a61c40663e3ef46eb5e1bb304"
  solver-name = "gps-cdcl"
  solver-version = 1
